// !$*UTF8*$!
{
	archiveVersion = 1;
	classes = {
	};
	objectVersion = 46;
	objects = {

/* Begin PBXBuildFile section */
		048E47331CC61F73009A53ED /* main.m in Sources */ = {isa = PBXBuildFile; fileRef = 048E47321CC61F73009A53ED /* main.m */; };
		048E47361CC61F73009A53ED /* AppDelegate.m in Sources */ = {isa = PBXBuildFile; fileRef = 048E47351CC61F73009A53ED /* AppDelegate.m */; };
		048E47391CC61F73009A53ED /* ViewController.m in Sources */ = {isa = PBXBuildFile; fileRef = 048E47381CC61F73009A53ED /* ViewController.m */; };
		048E473C1CC61F73009A53ED /* Main.storyboard in Resources */ = {isa = PBXBuildFile; fileRef = 048E473A1CC61F73009A53ED /* Main.storyboard */; };
		048E473E1CC61F73009A53ED /* Assets.xcassets in Resources */ = {isa = PBXBuildFile; fileRef = 048E473D1CC61F73009A53ED /* Assets.xcassets */; };
		048E47411CC61F73009A53ED /* LaunchScreen.storyboard in Resources */ = {isa = PBXBuildFile; fileRef = 048E473F1CC61F73009A53ED /* LaunchScreen.storyboard */; };
		048E474C1CC61F73009A53ED /* VFCalendarView_Demo_Vertical_ScrollingTests.m in Sources */ = {isa = PBXBuildFile; fileRef = 048E474B1CC61F73009A53ED /* VFCalendarView_Demo_Vertical_ScrollingTests.m */; };
		048E475F1CC61FC0009A53ED /* Helper.m in Sources */ = {isa = PBXBuildFile; fileRef = 048E47581CC61FC0009A53ED /* Helper.m */; };
		048E47601CC61FC0009A53ED /* VFDayView.m in Sources */ = {isa = PBXBuildFile; fileRef = 048E475A1CC61FC0009A53ED /* VFDayView.m */; };
		048E47611CC61FC0009A53ED /* VFMonthView.m in Sources */ = {isa = PBXBuildFile; fileRef = 048E475C1CC61FC0009A53ED /* VFMonthView.m */; };
		048E47621CC61FC0009A53ED /* VFCalendarView.m in Sources */ = {isa = PBXBuildFile; fileRef = 048E475E1CC61FC0009A53ED /* VFCalendarView.m */; };
/* End PBXBuildFile section */

/* Begin PBXContainerItemProxy section */
		048E47481CC61F73009A53ED /* PBXContainerItemProxy */ = {
			isa = PBXContainerItemProxy;
			containerPortal = 048E47261CC61F73009A53ED /* Project object */;
			proxyType = 1;
			remoteGlobalIDString = 048E472D1CC61F73009A53ED;
			remoteInfo = "VFCalendarView-Demo-Vertical-Scrolling";
		};
/* End PBXContainerItemProxy section */

/* Begin PBXFileReference section */
		048E472E1CC61F73009A53ED /* VFCalendarView-Demo-Vertical-Scrolling.app */ = {isa = PBXFileReference; explicitFileType = wrapper.application; includeInIndex = 0; path = "VFCalendarView-Demo-Vertical-Scrolling.app"; sourceTree = BUILT_PRODUCTS_DIR; };
		048E47321CC61F73009A53ED /* main.m */ = {isa = PBXFileReference; lastKnownFileType = sourcecode.c.objc; path = main.m; sourceTree = "<group>"; };
		048E47341CC61F73009A53ED /* AppDelegate.h */ = {isa = PBXFileReference; lastKnownFileType = sourcecode.c.h; path = AppDelegate.h; sourceTree = "<group>"; };
		048E47351CC61F73009A53ED /* AppDelegate.m */ = {isa = PBXFileReference; lastKnownFileType = sourcecode.c.objc; path = AppDelegate.m; sourceTree = "<group>"; };
		048E47371CC61F73009A53ED /* ViewController.h */ = {isa = PBXFileReference; lastKnownFileType = sourcecode.c.h; path = ViewController.h; sourceTree = "<group>"; };
		048E47381CC61F73009A53ED /* ViewController.m */ = {isa = PBXFileReference; lastKnownFileType = sourcecode.c.objc; path = ViewController.m; sourceTree = "<group>"; };
		048E473B1CC61F73009A53ED /* Base */ = {isa = PBXFileReference; lastKnownFileType = file.storyboard; name = Base; path = Base.lproj/Main.storyboard; sourceTree = "<group>"; };
		048E473D1CC61F73009A53ED /* Assets.xcassets */ = {isa = PBXFileReference; lastKnownFileType = folder.assetcatalog; path = Assets.xcassets; sourceTree = "<group>"; };
		048E47401CC61F73009A53ED /* Base */ = {isa = PBXFileReference; lastKnownFileType = file.storyboard; name = Base; path = Base.lproj/LaunchScreen.storyboard; sourceTree = "<group>"; };
		048E47421CC61F73009A53ED /* Info.plist */ = {isa = PBXFileReference; lastKnownFileType = text.plist.xml; path = Info.plist; sourceTree = "<group>"; };
		048E47471CC61F73009A53ED /* VFCalendarView-Demo-Vertical-ScrollingTests.xctest */ = {isa = PBXFileReference; explicitFileType = wrapper.cfbundle; includeInIndex = 0; path = "VFCalendarView-Demo-Vertical-ScrollingTests.xctest"; sourceTree = BUILT_PRODUCTS_DIR; };
		048E474B1CC61F73009A53ED /* VFCalendarView_Demo_Vertical_ScrollingTests.m */ = {isa = PBXFileReference; lastKnownFileType = sourcecode.c.objc; path = VFCalendarView_Demo_Vertical_ScrollingTests.m; sourceTree = "<group>"; };
		048E474D1CC61F73009A53ED /* Info.plist */ = {isa = PBXFileReference; lastKnownFileType = text.plist.xml; path = Info.plist; sourceTree = "<group>"; };
		048E47571CC61FC0009A53ED /* Helper.h */ = {isa = PBXFileReference; fileEncoding = 4; lastKnownFileType = sourcecode.c.h; path = Helper.h; sourceTree = "<group>"; };
		048E47581CC61FC0009A53ED /* Helper.m */ = {isa = PBXFileReference; fileEncoding = 4; lastKnownFileType = sourcecode.c.objc; path = Helper.m; sourceTree = "<group>"; };
		048E47591CC61FC0009A53ED /* VFDayView.h */ = {isa = PBXFileReference; fileEncoding = 4; lastKnownFileType = sourcecode.c.h; path = VFDayView.h; sourceTree = "<group>"; };
		048E475A1CC61FC0009A53ED /* VFDayView.m */ = {isa = PBXFileReference; fileEncoding = 4; lastKnownFileType = sourcecode.c.objc; path = VFDayView.m; sourceTree = "<group>"; };
		048E475B1CC61FC0009A53ED /* VFMonthView.h */ = {isa = PBXFileReference; fileEncoding = 4; lastKnownFileType = sourcecode.c.h; path = VFMonthView.h; sourceTree = "<group>"; };
		048E475C1CC61FC0009A53ED /* VFMonthView.m */ = {isa = PBXFileReference; fileEncoding = 4; lastKnownFileType = sourcecode.c.objc; path = VFMonthView.m; sourceTree = "<group>"; };
		048E475D1CC61FC0009A53ED /* VFCalendarView.h */ = {isa = PBXFileReference; fileEncoding = 4; lastKnownFileType = sourcecode.c.h; path = VFCalendarView.h; sourceTree = "<group>"; };
		048E475E1CC61FC0009A53ED /* VFCalendarView.m */ = {isa = PBXFileReference; fileEncoding = 4; lastKnownFileType = sourcecode.c.objc; path = VFCalendarView.m; sourceTree = "<group>"; };
		048E47631CC61FD4009A53ED /* Header.h */ = {isa = PBXFileReference; lastKnownFileType = sourcecode.c.h; path = Header.h; sourceTree = "<group>"; };
/* End PBXFileReference section */

/* Begin PBXFrameworksBuildPhase section */
		048E472B1CC61F73009A53ED /* Frameworks */ = {
			isa = PBXFrameworksBuildPhase;
			buildActionMask = 2147483647;
			files = (
			);
			runOnlyForDeploymentPostprocessing = 0;
		};
		048E47441CC61F73009A53ED /* Frameworks */ = {
			isa = PBXFrameworksBuildPhase;
			buildActionMask = 2147483647;
			files = (
			);
			runOnlyForDeploymentPostprocessing = 0;
		};
/* End PBXFrameworksBuildPhase section */

/* Begin PBXGroup section */
		048E47251CC61F73009A53ED = {
			isa = PBXGroup;
			children = (
				048E47301CC61F73009A53ED /* VFCalendarView-Demo-Vertical-Scrolling */,
				048E474A1CC61F73009A53ED /* VFCalendarView-Demo-Vertical-ScrollingTests */,
				048E472F1CC61F73009A53ED /* Products */,
			);
			sourceTree = "<group>";
		};
		048E472F1CC61F73009A53ED /* Products */ = {
			isa = PBXGroup;
			children = (
				048E472E1CC61F73009A53ED /* VFCalendarView-Demo-Vertical-Scrolling.app */,
				048E47471CC61F73009A53ED /* VFCalendarView-Demo-Vertical-ScrollingTests.xctest */,
			);
			name = Products;
			sourceTree = "<group>";
		};
		048E47301CC61F73009A53ED /* VFCalendarView-Demo-Vertical-Scrolling */ = {
			isa = PBXGroup;
			children = (
				048E47561CC61FAB009A53ED /* VFCalendarView */,
				048E47341CC61F73009A53ED /* AppDelegate.h */,
				048E47351CC61F73009A53ED /* AppDelegate.m */,
				048E47371CC61F73009A53ED /* ViewController.h */,
				048E47381CC61F73009A53ED /* ViewController.m */,
				048E473A1CC61F73009A53ED /* Main.storyboard */,
				048E473D1CC61F73009A53ED /* Assets.xcassets */,
				048E473F1CC61F73009A53ED /* LaunchScreen.storyboard */,
				048E47421CC61F73009A53ED /* Info.plist */,
				048E47311CC61F73009A53ED /* Supporting Files */,
			);
			path = "VFCalendarView-Demo-Vertical-Scrolling";
			sourceTree = "<group>";
		};
		048E47311CC61F73009A53ED /* Supporting Files */ = {
			isa = PBXGroup;
			children = (
				048E47321CC61F73009A53ED /* main.m */,
			);
			name = "Supporting Files";
			sourceTree = "<group>";
		};
		048E474A1CC61F73009A53ED /* VFCalendarView-Demo-Vertical-ScrollingTests */ = {
			isa = PBXGroup;
			children = (
				048E474B1CC61F73009A53ED /* VFCalendarView_Demo_Vertical_ScrollingTests.m */,
				048E474D1CC61F73009A53ED /* Info.plist */,
			);
			path = "VFCalendarView-Demo-Vertical-ScrollingTests";
			sourceTree = "<group>";
		};
		048E47561CC61FAB009A53ED /* VFCalendarView */ = {
			isa = PBXGroup;
			children = (
				048E47631CC61FD4009A53ED /* Header.h */,
				048E47571CC61FC0009A53ED /* Helper.h */,
				048E47581CC61FC0009A53ED /* Helper.m */,
				048E47591CC61FC0009A53ED /* VFDayView.h */,
				048E475A1CC61FC0009A53ED /* VFDayView.m */,
				048E475B1CC61FC0009A53ED /* VFMonthView.h */,
				048E475C1CC61FC0009A53ED /* VFMonthView.m */,
				048E475D1CC61FC0009A53ED /* VFCalendarView.h */,
				048E475E1CC61FC0009A53ED /* VFCalendarView.m */,
			);
			path = VFCalendarView;
			sourceTree = "<group>";
		};
/* End PBXGroup section */

/* Begin PBXNativeTarget section */
		048E472D1CC61F73009A53ED /* VFCalendarView-Demo-Vertical-Scrolling */ = {
			isa = PBXNativeTarget;
			buildConfigurationList = 048E47501CC61F73009A53ED /* Build configuration list for PBXNativeTarget "VFCalendarView-Demo-Vertical-Scrolling" */;
			buildPhases = (
				048E472A1CC61F73009A53ED /* Sources */,
				048E472B1CC61F73009A53ED /* Frameworks */,
				048E472C1CC61F73009A53ED /* Resources */,
			);
			buildRules = (
			);
			dependencies = (
			);
			name = "VFCalendarView-Demo-Vertical-Scrolling";
			productName = "VFCalendarView-Demo-Vertical-Scrolling";
			productReference = 048E472E1CC61F73009A53ED /* VFCalendarView-Demo-Vertical-Scrolling.app */;
			productType = "com.apple.product-type.application";
		};
		048E47461CC61F73009A53ED /* VFCalendarView-Demo-Vertical-ScrollingTests */ = {
			isa = PBXNativeTarget;
			buildConfigurationList = 048E47531CC61F73009A53ED /* Build configuration list for PBXNativeTarget "VFCalendarView-Demo-Vertical-ScrollingTests" */;
			buildPhases = (
				048E47431CC61F73009A53ED /* Sources */,
				048E47441CC61F73009A53ED /* Frameworks */,
				048E47451CC61F73009A53ED /* Resources */,
			);
			buildRules = (
			);
			dependencies = (
				048E47491CC61F73009A53ED /* PBXTargetDependency */,
			);
			name = "VFCalendarView-Demo-Vertical-ScrollingTests";
			productName = "VFCalendarView-Demo-Vertical-ScrollingTests";
			productReference = 048E47471CC61F73009A53ED /* VFCalendarView-Demo-Vertical-ScrollingTests.xctest */;
			productType = "com.apple.product-type.bundle.unit-test";
		};
/* End PBXNativeTarget section */

/* Begin PBXProject section */
		048E47261CC61F73009A53ED /* Project object */ = {
			isa = PBXProject;
			attributes = {
				LastUpgradeCheck = 0730;
				ORGANIZATIONNAME = Vincent;
				TargetAttributes = {
					048E472D1CC61F73009A53ED = {
						CreatedOnToolsVersion = 7.3;
					};
					048E47461CC61F73009A53ED = {
						CreatedOnToolsVersion = 7.3;
						TestTargetID = 048E472D1CC61F73009A53ED;
					};
				};
			};
			buildConfigurationList = 048E47291CC61F73009A53ED /* Build configuration list for PBXProject "VFCalendarView-Demo-Vertical-Scrolling" */;
			compatibilityVersion = "Xcode 3.2";
			developmentRegion = English;
			hasScannedForEncodings = 0;
			knownRegions = (
				en,
				Base,
			);
			mainGroup = 048E47251CC61F73009A53ED;
			productRefGroup = 048E472F1CC61F73009A53ED /* Products */;
			projectDirPath = "";
			projectRoot = "";
			targets = (
				048E472D1CC61F73009A53ED /* VFCalendarView-Demo-Vertical-Scrolling */,
				048E47461CC61F73009A53ED /* VFCalendarView-Demo-Vertical-ScrollingTests */,
			);
		};
/* End PBXProject section */

/* Begin PBXResourcesBuildPhase section */
		048E472C1CC61F73009A53ED /* Resources */ = {
			isa = PBXResourcesBuildPhase;
			buildActionMask = 2147483647;
			files = (
				048E47411CC61F73009A53ED /* LaunchScreen.storyboard in Resources */,
				048E473E1CC61F73009A53ED /* Assets.xcassets in Resources */,
				048E473C1CC61F73009A53ED /* Main.storyboard in Resources */,
			);
			runOnlyForDeploymentPostprocessing = 0;
		};
		048E47451CC61F73009A53ED /* Resources */ = {
			isa = PBXResourcesBuildPhase;
			buildActionMask = 2147483647;
			files = (
			);
			runOnlyForDeploymentPostprocessing = 0;
		};
/* End PBXResourcesBuildPhase section */

/* Begin PBXSourcesBuildPhase section */
		048E472A1CC61F73009A53ED /* Sources */ = {
			isa = PBXSourcesBuildPhase;
			buildActionMask = 2147483647;
			files = (
				048E47391CC61F73009A53ED /* ViewController.m in Sources */,
				048E47361CC61F73009A53ED /* AppDelegate.m in Sources */,
				048E47331CC61F73009A53ED /* main.m in Sources */,
				048E47621CC61FC0009A53ED /* VFCalendarView.m in Sources */,
				048E47601CC61FC0009A53ED /* VFDayView.m in Sources */,
				048E475F1CC61FC0009A53ED /* Helper.m in Sources */,
				048E47611CC61FC0009A53ED /* VFMonthView.m in Sources */,
			);
			runOnlyForDeploymentPostprocessing = 0;
		};
		048E47431CC61F73009A53ED /* Sources */ = {
			isa = PBXSourcesBuildPhase;
			buildActionMask = 2147483647;
			files = (
				048E474C1CC61F73009A53ED /* VFCalendarView_Demo_Vertical_ScrollingTests.m in Sources */,
			);
			runOnlyForDeploymentPostprocessing = 0;
		};
/* End PBXSourcesBuildPhase section */

/* Begin PBXTargetDependency section */
		048E47491CC61F73009A53ED /* PBXTargetDependency */ = {
			isa = PBXTargetDependency;
			target = 048E472D1CC61F73009A53ED /* VFCalendarView-Demo-Vertical-Scrolling */;
			targetProxy = 048E47481CC61F73009A53ED /* PBXContainerItemProxy */;
		};
/* End PBXTargetDependency section */

/* Begin PBXVariantGroup section */
		048E473A1CC61F73009A53ED /* Main.storyboard */ = {
			isa = PBXVariantGroup;
			children = (
				048E473B1CC61F73009A53ED /* Base */,
			);
			name = Main.storyboard;
			sourceTree = "<group>";
		};
		048E473F1CC61F73009A53ED /* LaunchScreen.storyboard */ = {
			isa = PBXVariantGroup;
			children = (
				048E47401CC61F73009A53ED /* Base */,
			);
			name = LaunchScreen.storyboard;
			sourceTree = "<group>";
		};
/* End PBXVariantGroup section */

/* Begin XCBuildConfiguration section */
		048E474E1CC61F73009A53ED /* Debug */ = {
			isa = XCBuildConfiguration;
			buildSettings = {
				ALWAYS_SEARCH_USER_PATHS = NO;
				CLANG_ANALYZER_NONNULL = YES;
				CLANG_CXX_LANGUAGE_STANDARD = "gnu++0x";
				CLANG_CXX_LIBRARY = "libc++";
				CLANG_ENABLE_MODULES = YES;
				CLANG_ENABLE_OBJC_ARC = YES;
				CLANG_WARN_BOOL_CONVERSION = YES;
				CLANG_WARN_CONSTANT_CONVERSION = YES;
				CLANG_WARN_DIRECT_OBJC_ISA_USAGE = YES_ERROR;
				CLANG_WARN_EMPTY_BODY = YES;
				CLANG_WARN_ENUM_CONVERSION = YES;
				CLANG_WARN_INT_CONVERSION = YES;
				CLANG_WARN_OBJC_ROOT_CLASS = YES_ERROR;
				CLANG_WARN_UNREACHABLE_CODE = YES;
				CLANG_WARN__DUPLICATE_METHOD_MATCH = YES;
				"CODE_SIGN_IDENTITY[sdk=iphoneos*]" = "iPhone Developer";
				COPY_PHASE_STRIP = NO;
				DEBUG_INFORMATION_FORMAT = dwarf;
				ENABLE_STRICT_OBJC_MSGSEND = YES;
				ENABLE_TESTABILITY = YES;
				GCC_C_LANGUAGE_STANDARD = gnu99;
				GCC_DYNAMIC_NO_PIC = NO;
				GCC_NO_COMMON_BLOCKS = YES;
				GCC_OPTIMIZATION_LEVEL = 0;
				GCC_PREPROCESSOR_DEFINITIONS = (
					"DEBUG=1",
					"$(inherited)",
				);
				GCC_WARN_64_TO_32_BIT_CONVERSION = YES;
				GCC_WARN_ABOUT_RETURN_TYPE = YES_ERROR;
				GCC_WARN_UNDECLARED_SELECTOR = YES;
				GCC_WARN_UNINITIALIZED_AUTOS = YES_AGGRESSIVE;
				GCC_WARN_UNUSED_FUNCTION = YES;
				GCC_WARN_UNUSED_VARIABLE = YES;
				IPHONEOS_DEPLOYMENT_TARGET = 9.3;
				MTL_ENABLE_DEBUG_INFO = YES;
				ONLY_ACTIVE_ARCH = YES;
				SDKROOT = iphoneos;
			};
			name = Debug;
		};
		048E474F1CC61F73009A53ED /* Release */ = {
			isa = XCBuildConfiguration;
			buildSettings = {
				ALWAYS_SEARCH_USER_PATHS = NO;
				CLANG_ANALYZER_NONNULL = YES;
				CLANG_CXX_LANGUAGE_STANDARD = "gnu++0x";
				CLANG_CXX_LIBRARY = "libc++";
				CLANG_ENABLE_MODULES = YES;
				CLANG_ENABLE_OBJC_ARC = YES;
				CLANG_WARN_BOOL_CONVERSION = YES;
				CLANG_WARN_CONSTANT_CONVERSION = YES;
				CLANG_WARN_DIRECT_OBJC_ISA_USAGE = YES_ERROR;
				CLANG_WARN_EMPTY_BODY = YES;
				CLANG_WARN_ENUM_CONVERSION = YES;
				CLANG_WARN_INT_CONVERSION = YES;
				CLANG_WARN_OBJC_ROOT_CLASS = YES_ERROR;
				CLANG_WARN_UNREACHABLE_CODE = YES;
				CLANG_WARN__DUPLICATE_METHOD_MATCH = YES;
				"CODE_SIGN_IDENTITY[sdk=iphoneos*]" = "iPhone Developer";
				COPY_PHASE_STRIP = NO;
				DEBUG_INFORMATION_FORMAT = "dwarf-with-dsym";
				ENABLE_NS_ASSERTIONS = NO;
				ENABLE_STRICT_OBJC_MSGSEND = YES;
				GCC_C_LANGUAGE_STANDARD = gnu99;
				GCC_NO_COMMON_BLOCKS = YES;
				GCC_WARN_64_TO_32_BIT_CONVERSION = YES;
				GCC_WARN_ABOUT_RETURN_TYPE = YES_ERROR;
				GCC_WARN_UNDECLARED_SELECTOR = YES;
				GCC_WARN_UNINITIALIZED_AUTOS = YES_AGGRESSIVE;
				GCC_WARN_UNUSED_FUNCTION = YES;
				GCC_WARN_UNUSED_VARIABLE = YES;
				IPHONEOS_DEPLOYMENT_TARGET = 9.3;
				MTL_ENABLE_DEBUG_INFO = NO;
				SDKROOT = iphoneos;
				VALIDATE_PRODUCT = YES;
			};
			name = Release;
		};
		048E47511CC61F73009A53ED /* Debug */ = {
			isa = XCBuildConfiguration;
			buildSettings = {
				ASSETCATALOG_COMPILER_APPICON_NAME = AppIcon;
				INFOPLIST_FILE = "VFCalendarView-Demo-Vertical-Scrolling/Info.plist";
				LD_RUNPATH_SEARCH_PATHS = "$(inherited) @executable_path/Frameworks";
				PRODUCT_BUNDLE_IDENTIFIER = "com.wenzhishen.VFCalendarView-Demo-Vertical-Scrolling";
				PRODUCT_NAME = "$(TARGET_NAME)";
			};
			name = Debug;
		};
		048E47521CC61F73009A53ED /* Release */ = {
			isa = XCBuildConfiguration;
			buildSettings = {
				ASSETCATALOG_COMPILER_APPICON_NAME = AppIcon;
				INFOPLIST_FILE = "VFCalendarView-Demo-Vertical-Scrolling/Info.plist";
				LD_RUNPATH_SEARCH_PATHS = "$(inherited) @executable_path/Frameworks";
				PRODUCT_BUNDLE_IDENTIFIER = "com.wenzhishen.VFCalendarView-Demo-Vertical-Scrolling";
				PRODUCT_NAME = "$(TARGET_NAME)";
			};
			name = Release;
		};
		048E47541CC61F73009A53ED /* Debug */ = {
			isa = XCBuildConfiguration;
			buildSettings = {
				BUNDLE_LOADER = "$(TEST_HOST)";
				INFOPLIST_FILE = "VFCalendarView-Demo-Vertical-ScrollingTests/Info.plist";
				LD_RUNPATH_SEARCH_PATHS = "$(inherited) @executable_path/Frameworks @loader_path/Frameworks";
				PRODUCT_BUNDLE_IDENTIFIER = "com.wenzhishen.VFCalendarView-Demo-Vertical-ScrollingTests";
				PRODUCT_NAME = "$(TARGET_NAME)";
				TEST_HOST = "$(BUILT_PRODUCTS_DIR)/VFCalendarView-Demo-Vertical-Scrolling.app/VFCalendarView-Demo-Vertical-Scrolling";
			};
			name = Debug;
		};
		048E47551CC61F73009A53ED /* Release */ = {
			isa = XCBuildConfiguration;
			buildSettings = {
				BUNDLE_LOADER = "$(TEST_HOST)";
				INFOPLIST_FILE = "VFCalendarView-Demo-Vertical-ScrollingTests/Info.plist";
				LD_RUNPATH_SEARCH_PATHS = "$(inherited) @executable_path/Frameworks @loader_path/Frameworks";
				PRODUCT_BUNDLE_IDENTIFIER = "com.wenzhishen.VFCalendarView-Demo-Vertical-ScrollingTests";
				PRODUCT_NAME = "$(TARGET_NAME)";
				TEST_HOST = "$(BUILT_PRODUCTS_DIR)/VFCalendarView-Demo-Vertical-Scrolling.app/VFCalendarView-Demo-Vertical-Scrolling";
			};
			name = Release;
		};
/* End XCBuildConfiguration section */

/* Begin XCConfigurationList section */
		048E47291CC61F73009A53ED /* Build configuration list for PBXProject "VFCalendarView-Demo-Vertical-Scrolling" */ = {
			isa = XCConfigurationList;
			buildConfigurations = (
				048E474E1CC61F73009A53ED /* Debug */,
				048E474F1CC61F73009A53ED /* Release */,
			);
			defaultConfigurationIsVisible = 0;
			defaultConfigurationName = Release;
		};
		048E47501CC61F73009A53ED /* Build configuration list for PBXNativeTarget "VFCalendarView-Demo-Vertical-Scrolling" */ = {
			isa = XCConfigurationList;
			buildConfigurations = (
				048E47511CC61F73009A53ED /* Debug */,
				048E47521CC61F73009A53ED /* Release */,
			);
			defaultConfigurationIsVisible = 0;
		};
		048E47531CC61F73009A53ED /* Build configuration list for PBXNativeTarget "VFCalendarView-Demo-Vertical-ScrollingTests" */ = {
			isa = XCConfigurationList;
			buildConfigurations = (
				048E47541CC61F73009A53ED /* Debug */,
				048E47551CC61F73009A53ED /* Release */,
			);
			defaultConfigurationIsVisible = 0;
		};
/* End XCConfigurationList section */
	};
	rootObject = 048E47261CC61F73009A53ED /* Project object */;
}
