// !$*UTF8*$!
{
	archiveVersion = 1;
	classes = {
	};
	objectVersion = 46;
	objects = {

/* Begin PBXBuildFile section */
		040821CF1CC0AB7300452B3C /* VFCalendarView.m in Sources */ = {isa = PBXBuildFile; fileRef = 040821CE1CC0AB7300452B3C /* VFCalendarView.m */; };
		041496B11CBF3C7100BB0AA1 /* main.m in Sources */ = {isa = PBXBuildFile; fileRef = 041496B01CBF3C7100BB0AA1 /* main.m */; };
		041496B41CBF3C7100BB0AA1 /* AppDelegate.m in Sources */ = {isa = PBXBuildFile; fileRef = 041496B31CBF3C7100BB0AA1 /* AppDelegate.m */; };
		041496B71CBF3C7100BB0AA1 /* ViewController.m in Sources */ = {isa = PBXBuildFile; fileRef = 041496B61CBF3C7100BB0AA1 /* ViewController.m */; };
		041496BA1CBF3C7100BB0AA1 /* Main.storyboard in Resources */ = {isa = PBXBuildFile; fileRef = 041496B81CBF3C7100BB0AA1 /* Main.storyboard */; };
		041496BC1CBF3C7100BB0AA1 /* Assets.xcassets in Resources */ = {isa = PBXBuildFile; fileRef = 041496BB1CBF3C7100BB0AA1 /* Assets.xcassets */; };
		041496BF1CBF3C7100BB0AA1 /* LaunchScreen.storyboard in Resources */ = {isa = PBXBuildFile; fileRef = 041496BD1CBF3C7100BB0AA1 /* LaunchScreen.storyboard */; };
		041496CA1CBF3C7100BB0AA1 /* VFCalendarView_DemoTests.m in Sources */ = {isa = PBXBuildFile; fileRef = 041496C91CBF3C7100BB0AA1 /* VFCalendarView_DemoTests.m */; };
		041496D81CBF3D5B00BB0AA1 /* Helper.m in Sources */ = {isa = PBXBuildFile; fileRef = 041496D71CBF3D5B00BB0AA1 /* Helper.m */; };
		041496DB1CBF3DF100BB0AA1 /* VFMonthView.m in Sources */ = {isa = PBXBuildFile; fileRef = 041496DA1CBF3DF100BB0AA1 /* VFMonthView.m */; };
		041496DE1CBF3E0B00BB0AA1 /* VFDayView.m in Sources */ = {isa = PBXBuildFile; fileRef = 041496DD1CBF3E0B00BB0AA1 /* VFDayView.m */; };
/* End PBXBuildFile section */

/* Begin PBXContainerItemProxy section */
		041496C61CBF3C7100BB0AA1 /* PBXContainerItemProxy */ = {
			isa = PBXContainerItemProxy;
			containerPortal = 041496A41CBF3C7100BB0AA1 /* Project object */;
			proxyType = 1;
			remoteGlobalIDString = 041496AB1CBF3C7100BB0AA1;
			remoteInfo = "VFCalendarView-Demo";
		};
/* End PBXContainerItemProxy section */

/* Begin PBXFileReference section */
		040821CD1CC0AB7300452B3C /* VFCalendarView.h */ = {isa = PBXFileReference; fileEncoding = 4; lastKnownFileType = sourcecode.c.h; path = VFCalendarView.h; sourceTree = "<group>"; };
		040821CE1CC0AB7300452B3C /* VFCalendarView.m */ = {isa = PBXFileReference; fileEncoding = 4; lastKnownFileType = sourcecode.c.objc; path = VFCalendarView.m; sourceTree = "<group>"; };
		041496AC1CBF3C7100BB0AA1 /* VFCalendarView-Demo.app */ = {isa = PBXFileReference; explicitFileType = wrapper.application; includeInIndex = 0; path = "VFCalendarView-Demo.app"; sourceTree = BUILT_PRODUCTS_DIR; };
		041496B01CBF3C7100BB0AA1 /* main.m */ = {isa = PBXFileReference; lastKnownFileType = sourcecode.c.objc; path = main.m; sourceTree = "<group>"; };
		041496B21CBF3C7100BB0AA1 /* AppDelegate.h */ = {isa = PBXFileReference; lastKnownFileType = sourcecode.c.h; path = AppDelegate.h; sourceTree = "<group>"; };
		041496B31CBF3C7100BB0AA1 /* AppDelegate.m */ = {isa = PBXFileReference; lastKnownFileType = sourcecode.c.objc; path = AppDelegate.m; sourceTree = "<group>"; };
		041496B51CBF3C7100BB0AA1 /* ViewController.h */ = {isa = PBXFileReference; lastKnownFileType = sourcecode.c.h; path = ViewController.h; sourceTree = "<group>"; };
		041496B61CBF3C7100BB0AA1 /* ViewController.m */ = {isa = PBXFileReference; lastKnownFileType = sourcecode.c.objc; path = ViewController.m; sourceTree = "<group>"; };
		041496B91CBF3C7100BB0AA1 /* Base */ = {isa = PBXFileReference; lastKnownFileType = file.storyboard; name = Base; path = Base.lproj/Main.storyboard; sourceTree = "<group>"; };
		041496BB1CBF3C7100BB0AA1 /* Assets.xcassets */ = {isa = PBXFileReference; lastKnownFileType = folder.assetcatalog; path = Assets.xcassets; sourceTree = "<group>"; };
		041496BE1CBF3C7100BB0AA1 /* Base */ = {isa = PBXFileReference; lastKnownFileType = file.storyboard; name = Base; path = Base.lproj/LaunchScreen.storyboard; sourceTree = "<group>"; };
		041496C01CBF3C7100BB0AA1 /* Info.plist */ = {isa = PBXFileReference; lastKnownFileType = text.plist.xml; path = Info.plist; sourceTree = "<group>"; };
		041496C51CBF3C7100BB0AA1 /* VFCalendarView-DemoTests.xctest */ = {isa = PBXFileReference; explicitFileType = wrapper.cfbundle; includeInIndex = 0; path = "VFCalendarView-DemoTests.xctest"; sourceTree = BUILT_PRODUCTS_DIR; };
		041496C91CBF3C7100BB0AA1 /* VFCalendarView_DemoTests.m */ = {isa = PBXFileReference; lastKnownFileType = sourcecode.c.objc; path = VFCalendarView_DemoTests.m; sourceTree = "<group>"; };
		041496CB1CBF3C7100BB0AA1 /* Info.plist */ = {isa = PBXFileReference; lastKnownFileType = text.plist.xml; path = Info.plist; sourceTree = "<group>"; };
		041496D51CBF3C9500BB0AA1 /* Header.h */ = {isa = PBXFileReference; lastKnownFileType = sourcecode.c.h; path = Header.h; sourceTree = "<group>"; };
		041496D61CBF3D5B00BB0AA1 /* Helper.h */ = {isa = PBXFileReference; fileEncoding = 4; lastKnownFileType = sourcecode.c.h; path = Helper.h; sourceTree = "<group>"; };
		041496D71CBF3D5B00BB0AA1 /* Helper.m */ = {isa = PBXFileReference; fileEncoding = 4; lastKnownFileType = sourcecode.c.objc; path = Helper.m; sourceTree = "<group>"; };
		041496D91CBF3DF100BB0AA1 /* VFMonthView.h */ = {isa = PBXFileReference; fileEncoding = 4; lastKnownFileType = sourcecode.c.h; path = VFMonthView.h; sourceTree = "<group>"; };
		041496DA1CBF3DF100BB0AA1 /* VFMonthView.m */ = {isa = PBXFileReference; fileEncoding = 4; lastKnownFileType = sourcecode.c.objc; path = VFMonthView.m; sourceTree = "<group>"; };
		041496DC1CBF3E0B00BB0AA1 /* VFDayView.h */ = {isa = PBXFileReference; fileEncoding = 4; lastKnownFileType = sourcecode.c.h; path = VFDayView.h; sourceTree = "<group>"; };
		041496DD1CBF3E0B00BB0AA1 /* VFDayView.m */ = {isa = PBXFileReference; fileEncoding = 4; lastKnownFileType = sourcecode.c.objc; path = VFDayView.m; sourceTree = "<group>"; };
/* End PBXFileReference section */

/* Begin PBXFrameworksBuildPhase section */
		041496A91CBF3C7100BB0AA1 /* Frameworks */ = {
			isa = PBXFrameworksBuildPhase;
			buildActionMask = 2147483647;
			files = (
			);
			runOnlyForDeploymentPostprocessing = 0;
		};
		041496C21CBF3C7100BB0AA1 /* Frameworks */ = {
			isa = PBXFrameworksBuildPhase;
			buildActionMask = 2147483647;
			files = (
			);
			runOnlyForDeploymentPostprocessing = 0;
		};
/* End PBXFrameworksBuildPhase section */

/* Begin PBXGroup section */
		041496A31CBF3C7100BB0AA1 = {
			isa = PBXGroup;
			children = (
				041496AE1CBF3C7100BB0AA1 /* VFCalendarView-Demo */,
				041496C81CBF3C7100BB0AA1 /* VFCalendarView-DemoTests */,
				041496AD1CBF3C7100BB0AA1 /* Products */,
			);
			sourceTree = "<group>";
		};
		041496AD1CBF3C7100BB0AA1 /* Products */ = {
			isa = PBXGroup;
			children = (
				041496AC1CBF3C7100BB0AA1 /* VFCalendarView-Demo.app */,
				041496C51CBF3C7100BB0AA1 /* VFCalendarView-DemoTests.xctest */,
			);
			name = Products;
			sourceTree = "<group>";
		};
		041496AE1CBF3C7100BB0AA1 /* VFCalendarView-Demo */ = {
			isa = PBXGroup;
			children = (
				041496D41CBF3C8B00BB0AA1 /* VFCalendarView */,
				041496B21CBF3C7100BB0AA1 /* AppDelegate.h */,
				041496B31CBF3C7100BB0AA1 /* AppDelegate.m */,
				041496B51CBF3C7100BB0AA1 /* ViewController.h */,
				041496B61CBF3C7100BB0AA1 /* ViewController.m */,
				041496B81CBF3C7100BB0AA1 /* Main.storyboard */,
				041496BB1CBF3C7100BB0AA1 /* Assets.xcassets */,
				041496BD1CBF3C7100BB0AA1 /* LaunchScreen.storyboard */,
				041496C01CBF3C7100BB0AA1 /* Info.plist */,
				041496AF1CBF3C7100BB0AA1 /* Supporting Files */,
			);
			path = "VFCalendarView-Demo";
			sourceTree = "<group>";
		};
		041496AF1CBF3C7100BB0AA1 /* Supporting Files */ = {
			isa = PBXGroup;
			children = (
				041496B01CBF3C7100BB0AA1 /* main.m */,
			);
			name = "Supporting Files";
			sourceTree = "<group>";
		};
		041496C81CBF3C7100BB0AA1 /* VFCalendarView-DemoTests */ = {
			isa = PBXGroup;
			children = (
				041496C91CBF3C7100BB0AA1 /* VFCalendarView_DemoTests.m */,
				041496CB1CBF3C7100BB0AA1 /* Info.plist */,
			);
			path = "VFCalendarView-DemoTests";
			sourceTree = "<group>";
		};
		041496D41CBF3C8B00BB0AA1 /* VFCalendarView */ = {
			isa = PBXGroup;
			children = (
				041496D51CBF3C9500BB0AA1 /* Header.h */,
				041496D61CBF3D5B00BB0AA1 /* Helper.h */,
				041496D71CBF3D5B00BB0AA1 /* Helper.m */,
				041496DC1CBF3E0B00BB0AA1 /* VFDayView.h */,
				041496DD1CBF3E0B00BB0AA1 /* VFDayView.m */,
				041496D91CBF3DF100BB0AA1 /* VFMonthView.h */,
				041496DA1CBF3DF100BB0AA1 /* VFMonthView.m */,
				040821CD1CC0AB7300452B3C /* VFCalendarView.h */,
				040821CE1CC0AB7300452B3C /* VFCalendarView.m */,
			);
			path = VFCalendarView;
			sourceTree = "<group>";
		};
/* End PBXGroup section */

/* Begin PBXNativeTarget section */
		041496AB1CBF3C7100BB0AA1 /* VFCalendarView-Demo */ = {
			isa = PBXNativeTarget;
			buildConfigurationList = 041496CE1CBF3C7100BB0AA1 /* Build configuration list for PBXNativeTarget "VFCalendarView-Demo" */;
			buildPhases = (
				041496A81CBF3C7100BB0AA1 /* Sources */,
				041496A91CBF3C7100BB0AA1 /* Frameworks */,
				041496AA1CBF3C7100BB0AA1 /* Resources */,
			);
			buildRules = (
			);
			dependencies = (
			);
			name = "VFCalendarView-Demo";
			productName = "VFCalendarView-Demo";
			productReference = 041496AC1CBF3C7100BB0AA1 /* VFCalendarView-Demo.app */;
			productType = "com.apple.product-type.application";
		};
		041496C41CBF3C7100BB0AA1 /* VFCalendarView-DemoTests */ = {
			isa = PBXNativeTarget;
			buildConfigurationList = 041496D11CBF3C7100BB0AA1 /* Build configuration list for PBXNativeTarget "VFCalendarView-DemoTests" */;
			buildPhases = (
				041496C11CBF3C7100BB0AA1 /* Sources */,
				041496C21CBF3C7100BB0AA1 /* Frameworks */,
				041496C31CBF3C7100BB0AA1 /* Resources */,
			);
			buildRules = (
			);
			dependencies = (
				041496C71CBF3C7100BB0AA1 /* PBXTargetDependency */,
			);
			name = "VFCalendarView-DemoTests";
			productName = "VFCalendarView-DemoTests";
			productReference = 041496C51CBF3C7100BB0AA1 /* VFCalendarView-DemoTests.xctest */;
			productType = "com.apple.product-type.bundle.unit-test";
		};
/* End PBXNativeTarget section */

/* Begin PBXProject section */
		041496A41CBF3C7100BB0AA1 /* Project object */ = {
			isa = PBXProject;
			attributes = {
				LastUpgradeCheck = 0730;
				ORGANIZATIONNAME = Vincent;
				TargetAttributes = {
					041496AB1CBF3C7100BB0AA1 = {
						CreatedOnToolsVersion = 7.3;
					};
					041496C41CBF3C7100BB0AA1 = {
						CreatedOnToolsVersion = 7.3;
						TestTargetID = 041496AB1CBF3C7100BB0AA1;
					};
				};
			};
			buildConfigurationList = 041496A71CBF3C7100BB0AA1 /* Build configuration list for PBXProject "VFCalendarView-Demo" */;
			compatibilityVersion = "Xcode 3.2";
			developmentRegion = English;
			hasScannedForEncodings = 0;
			knownRegions = (
				en,
				Base,
			);
			mainGroup = 041496A31CBF3C7100BB0AA1;
			productRefGroup = 041496AD1CBF3C7100BB0AA1 /* Products */;
			projectDirPath = "";
			projectRoot = "";
			targets = (
				041496AB1CBF3C7100BB0AA1 /* VFCalendarView-Demo */,
				041496C41CBF3C7100BB0AA1 /* VFCalendarView-DemoTests */,
			);
		};
/* End PBXProject section */

/* Begin PBXResourcesBuildPhase section */
		041496AA1CBF3C7100BB0AA1 /* Resources */ = {
			isa = PBXResourcesBuildPhase;
			buildActionMask = 2147483647;
			files = (
				041496BF1CBF3C7100BB0AA1 /* LaunchScreen.storyboard in Resources */,
				041496BC1CBF3C7100BB0AA1 /* Assets.xcassets in Resources */,
				041496BA1CBF3C7100BB0AA1 /* Main.storyboard in Resources */,
			);
			runOnlyForDeploymentPostprocessing = 0;
		};
		041496C31CBF3C7100BB0AA1 /* Resources */ = {
			isa = PBXResourcesBuildPhase;
			buildActionMask = 2147483647;
			files = (
			);
			runOnlyForDeploymentPostprocessing = 0;
		};
/* End PBXResourcesBuildPhase section */

/* Begin PBXSourcesBuildPhase section */
		041496A81CBF3C7100BB0AA1 /* Sources */ = {
			isa = PBXSourcesBuildPhase;
			buildActionMask = 2147483647;
			files = (
				041496DB1CBF3DF100BB0AA1 /* VFMonthView.m in Sources */,
				041496DE1CBF3E0B00BB0AA1 /* VFDayView.m in Sources */,
				041496B71CBF3C7100BB0AA1 /* ViewController.m in Sources */,
				040821CF1CC0AB7300452B3C /* VFCalendarView.m in Sources */,
				041496B41CBF3C7100BB0AA1 /* AppDelegate.m in Sources */,
				041496B11CBF3C7100BB0AA1 /* main.m in Sources */,
				041496D81CBF3D5B00BB0AA1 /* Helper.m in Sources */,
			);
			runOnlyForDeploymentPostprocessing = 0;
		};
		041496C11CBF3C7100BB0AA1 /* Sources */ = {
			isa = PBXSourcesBuildPhase;
			buildActionMask = 2147483647;
			files = (
				041496CA1CBF3C7100BB0AA1 /* VFCalendarView_DemoTests.m in Sources */,
			);
			runOnlyForDeploymentPostprocessing = 0;
		};
/* End PBXSourcesBuildPhase section */

/* Begin PBXTargetDependency section */
		041496C71CBF3C7100BB0AA1 /* PBXTargetDependency */ = {
			isa = PBXTargetDependency;
			target = 041496AB1CBF3C7100BB0AA1 /* VFCalendarView-Demo */;
			targetProxy = 041496C61CBF3C7100BB0AA1 /* PBXContainerItemProxy */;
		};
/* End PBXTargetDependency section */

/* Begin PBXVariantGroup section */
		041496B81CBF3C7100BB0AA1 /* Main.storyboard */ = {
			isa = PBXVariantGroup;
			children = (
				041496B91CBF3C7100BB0AA1 /* Base */,
			);
			name = Main.storyboard;
			sourceTree = "<group>";
		};
		041496BD1CBF3C7100BB0AA1 /* LaunchScreen.storyboard */ = {
			isa = PBXVariantGroup;
			children = (
				041496BE1CBF3C7100BB0AA1 /* Base */,
			);
			name = LaunchScreen.storyboard;
			sourceTree = "<group>";
		};
/* End PBXVariantGroup section */

/* Begin XCBuildConfiguration section */
		041496CC1CBF3C7100BB0AA1 /* Debug */ = {
			isa = XCBuildConfiguration;
			buildSettings = {
				ALWAYS_SEARCH_USER_PATHS = NO;
				CLANG_ANALYZER_NONNULL = YES;
				CLANG_CXX_LANGUAGE_STANDARD = "gnu++0x";
				CLANG_CXX_LIBRARY = "libc++";
				CLANG_ENABLE_MODULES = YES;
				CLANG_ENABLE_OBJC_ARC = YES;
				CLANG_WARN_BOOL_CONVERSION = YES;
				CLANG_WARN_CONSTANT_CONVERSION = YES;
				CLANG_WARN_DIRECT_OBJC_ISA_USAGE = YES_ERROR;
				CLANG_WARN_EMPTY_BODY = YES;
				CLANG_WARN_ENUM_CONVERSION = YES;
				CLANG_WARN_INT_CONVERSION = YES;
				CLANG_WARN_OBJC_ROOT_CLASS = YES_ERROR;
				CLANG_WARN_UNREACHABLE_CODE = YES;
				CLANG_WARN__DUPLICATE_METHOD_MATCH = YES;
				"CODE_SIGN_IDENTITY[sdk=iphoneos*]" = "iPhone Developer";
				COPY_PHASE_STRIP = NO;
				DEBUG_INFORMATION_FORMAT = dwarf;
				ENABLE_STRICT_OBJC_MSGSEND = YES;
				ENABLE_TESTABILITY = YES;
				GCC_C_LANGUAGE_STANDARD = gnu99;
				GCC_DYNAMIC_NO_PIC = NO;
				GCC_NO_COMMON_BLOCKS = YES;
				GCC_OPTIMIZATION_LEVEL = 0;
				GCC_PREPROCESSOR_DEFINITIONS = (
					"DEBUG=1",
					"$(inherited)",
				);
				GCC_WARN_64_TO_32_BIT_CONVERSION = YES;
				GCC_WARN_ABOUT_RETURN_TYPE = YES_ERROR;
				GCC_WARN_UNDECLARED_SELECTOR = YES;
				GCC_WARN_UNINITIALIZED_AUTOS = YES_AGGRESSIVE;
				GCC_WARN_UNUSED_FUNCTION = YES;
				GCC_WARN_UNUSED_VARIABLE = YES;
				IPHONEOS_DEPLOYMENT_TARGET = 9.3;
				MTL_ENABLE_DEBUG_INFO = YES;
				ONLY_ACTIVE_ARCH = YES;
				SDKROOT = iphoneos;
			};
			name = Debug;
		};
		041496CD1CBF3C7100BB0AA1 /* Release */ = {
			isa = XCBuildConfiguration;
			buildSettings = {
				ALWAYS_SEARCH_USER_PATHS = NO;
				CLANG_ANALYZER_NONNULL = YES;
				CLANG_CXX_LANGUAGE_STANDARD = "gnu++0x";
				CLANG_CXX_LIBRARY = "libc++";
				CLANG_ENABLE_MODULES = YES;
				CLANG_ENABLE_OBJC_ARC = YES;
				CLANG_WARN_BOOL_CONVERSION = YES;
				CLANG_WARN_CONSTANT_CONVERSION = YES;
				CLANG_WARN_DIRECT_OBJC_ISA_USAGE = YES_ERROR;
				CLANG_WARN_EMPTY_BODY = YES;
				CLANG_WARN_ENUM_CONVERSION = YES;
				CLANG_WARN_INT_CONVERSION = YES;
				CLANG_WARN_OBJC_ROOT_CLASS = YES_ERROR;
				CLANG_WARN_UNREACHABLE_CODE = YES;
				CLANG_WARN__DUPLICATE_METHOD_MATCH = YES;
				"CODE_SIGN_IDENTITY[sdk=iphoneos*]" = "iPhone Developer";
				COPY_PHASE_STRIP = NO;
				DEBUG_INFORMATION_FORMAT = "dwarf-with-dsym";
				ENABLE_NS_ASSERTIONS = NO;
				ENABLE_STRICT_OBJC_MSGSEND = YES;
				GCC_C_LANGUAGE_STANDARD = gnu99;
				GCC_NO_COMMON_BLOCKS = YES;
				GCC_WARN_64_TO_32_BIT_CONVERSION = YES;
				GCC_WARN_ABOUT_RETURN_TYPE = YES_ERROR;
				GCC_WARN_UNDECLARED_SELECTOR = YES;
				GCC_WARN_UNINITIALIZED_AUTOS = YES_AGGRESSIVE;
				GCC_WARN_UNUSED_FUNCTION = YES;
				GCC_WARN_UNUSED_VARIABLE = YES;
				IPHONEOS_DEPLOYMENT_TARGET = 9.3;
				MTL_ENABLE_DEBUG_INFO = NO;
				SDKROOT = iphoneos;
				VALIDATE_PRODUCT = YES;
			};
			name = Release;
		};
		041496CF1CBF3C7100BB0AA1 /* Debug */ = {
			isa = XCBuildConfiguration;
			buildSettings = {
				ASSETCATALOG_COMPILER_APPICON_NAME = AppIcon;
				INFOPLIST_FILE = "VFCalendarView-Demo/Info.plist";
				LD_RUNPATH_SEARCH_PATHS = "$(inherited) @executable_path/Frameworks";
				PRODUCT_BUNDLE_IDENTIFIER = "com.wenzhishen.VFCalendarView-Demo";
				PRODUCT_NAME = "$(TARGET_NAME)";
			};
			name = Debug;
		};
		041496D01CBF3C7100BB0AA1 /* Release */ = {
			isa = XCBuildConfiguration;
			buildSettings = {
				ASSETCATALOG_COMPILER_APPICON_NAME = AppIcon;
				INFOPLIST_FILE = "VFCalendarView-Demo/Info.plist";
				LD_RUNPATH_SEARCH_PATHS = "$(inherited) @executable_path/Frameworks";
				PRODUCT_BUNDLE_IDENTIFIER = "com.wenzhishen.VFCalendarView-Demo";
				PRODUCT_NAME = "$(TARGET_NAME)";
			};
			name = Release;
		};
		041496D21CBF3C7100BB0AA1 /* Debug */ = {
			isa = XCBuildConfiguration;
			buildSettings = {
				BUNDLE_LOADER = "$(TEST_HOST)";
				INFOPLIST_FILE = "VFCalendarView-DemoTests/Info.plist";
				LD_RUNPATH_SEARCH_PATHS = "$(inherited) @executable_path/Frameworks @loader_path/Frameworks";
				PRODUCT_BUNDLE_IDENTIFIER = "com.wenzhishen.VFCalendarView-DemoTests";
				PRODUCT_NAME = "$(TARGET_NAME)";
				TEST_HOST = "$(BUILT_PRODUCTS_DIR)/VFCalendarView-Demo.app/VFCalendarView-Demo";
			};
			name = Debug;
		};
		041496D31CBF3C7100BB0AA1 /* Release */ = {
			isa = XCBuildConfiguration;
			buildSettings = {
				BUNDLE_LOADER = "$(TEST_HOST)";
				INFOPLIST_FILE = "VFCalendarView-DemoTests/Info.plist";
				LD_RUNPATH_SEARCH_PATHS = "$(inherited) @executable_path/Frameworks @loader_path/Frameworks";
				PRODUCT_BUNDLE_IDENTIFIER = "com.wenzhishen.VFCalendarView-DemoTests";
				PRODUCT_NAME = "$(TARGET_NAME)";
				TEST_HOST = "$(BUILT_PRODUCTS_DIR)/VFCalendarView-Demo.app/VFCalendarView-Demo";
			};
			name = Release;
		};
/* End XCBuildConfiguration section */

/* Begin XCConfigurationList section */
		041496A71CBF3C7100BB0AA1 /* Build configuration list for PBXProject "VFCalendarView-Demo" */ = {
			isa = XCConfigurationList;
			buildConfigurations = (
				041496CC1CBF3C7100BB0AA1 /* Debug */,
				041496CD1CBF3C7100BB0AA1 /* Release */,
			);
			defaultConfigurationIsVisible = 0;
			defaultConfigurationName = Release;
		};
		041496CE1CBF3C7100BB0AA1 /* Build configuration list for PBXNativeTarget "VFCalendarView-Demo" */ = {
			isa = XCConfigurationList;
			buildConfigurations = (
				041496CF1CBF3C7100BB0AA1 /* Debug */,
				041496D01CBF3C7100BB0AA1 /* Release */,
			);
			defaultConfigurationIsVisible = 0;
			defaultConfigurationName = Release;
		};
		041496D11CBF3C7100BB0AA1 /* Build configuration list for PBXNativeTarget "VFCalendarView-DemoTests" */ = {
			isa = XCConfigurationList;
			buildConfigurations = (
				041496D21CBF3C7100BB0AA1 /* Debug */,
				041496D31CBF3C7100BB0AA1 /* Release */,
			);
			defaultConfigurationIsVisible = 0;
			defaultConfigurationName = Release;
		};
/* End XCConfigurationList section */
	};
	rootObject = 041496A41CBF3C7100BB0AA1 /* Project object */;
}
